
Microsoft Visual Studio Solution File, Format Version 12.00
# Visual Studio Version 16
VisualStudioVersion = 25.0.1706.7
MinimumVisualStudioVersion = 10.0.40219.1
Project("{FAE04EC0-301F-11D3-BF4B-00C04F79EFBC}") = "healthcheck", "healthcheck\healthcheck.csproj", "{CEC64E78-001E-4853-A33F-FB3D6747A225}"
EndProject
Global
	GlobalSection(SolutionConfigurationPlatforms) = preSolution
		Debug|Any CPU = Debug|Any CPU
		Release|Any CPU = Release|Any CPU
	EndGlobalSection
	GlobalSection(ProjectConfigurationPlatforms) = postSolution
		{CEC64E78-001E-4853-A33F-FB3D6747A225}.Debug|Any CPU.ActiveCfg = Debug|Any CPU
		{CEC64E78-001E-4853-A33F-FB3D6747A225}.Debug|Any CPU.Build.0 = Debug|Any CPU
		{CEC64E78-001E-4853-A33F-FB3D6747A225}.Release|Any CPU.ActiveCfg = Release|Any CPU
		{CEC64E78-001E-4853-A33F-FB3D6747A225}.Release|Any CPU.Build.0 = Release|Any CPU
	EndGlobalSection
	GlobalSection(SolutionProperties) = preSolution
		HideSolutionNode = FALSE
	EndGlobalSection
	GlobalSection(ExtensibilityGlobals) = postSolution
		SolutionGuid = {18991F8E-A5C1-452E-8DE0-6563F985C6D2}
	EndGlobalSection
EndGlobal
